
Microsoft Visual Studio Solution File, Format Version 12.00
# Visual Studio 15
VisualStudioVersion = 15.0.28010.0
MinimumVisualStudioVersion = 10.0.40219.1
Project("{FAE04EC0-301F-11D3-BF4B-00C04F79EFBC}") = "Vidly082018", "Vidly082018\Vidly082018.csproj", "{DA16F9FE-4D6F-4CE3-9823-BAB3A5C8BBB5}"
EndProject
Global
	GlobalSection(SolutionConfigurationPlatforms) = preSolution
		Debug|Any CPU = Debug|Any CPU
		Release|Any CPU = Release|Any CPU
	EndGlobalSection
	GlobalSection(ProjectConfigurationPlatforms) = postSolution
		{DA16F9FE-4D6F-4CE3-9823-BAB3A5C8BBB5}.Debug|Any CPU.ActiveCfg = Debug|Any CPU
		{DA16F9FE-4D6F-4CE3-9823-BAB3A5C8BBB5}.Debug|Any CPU.Build.0 = Debug|Any CPU
		{DA16F9FE-4D6F-4CE3-9823-BAB3A5C8BBB5}.Release|Any CPU.ActiveCfg = Release|Any CPU
		{DA16F9FE-4D6F-4CE3-9823-BAB3A5C8BBB5}.Release|Any CPU.Build.0 = Release|Any CPU
	EndGlobalSection
	GlobalSection(SolutionProperties) = preSolution
		HideSolutionNode = FALSE
	EndGlobalSection
	GlobalSection(ExtensibilityGlobals) = postSolution
		SolutionGuid = {F10B948A-D333-4B5D-8460-AFBF0F9B22E8}
	EndGlobalSection
EndGlobal
